
Microsoft Visual Studio Solution File, Format Version 12.00
# Visual Studio Version 16
VisualStudioVersion = 16.0.29509.3
MinimumVisualStudioVersion = 10.0.40219.1
Project("{FAE04EC0-301F-11D3-BF4B-00C04F79EFBC}") = "WindowsFormsApp1", "WindowsFormsApp1\WindowsFormsApp1.csproj", "{8EA39161-4642-4284-B6AB-5ED4ACC60F41}"
EndProject
Global
	GlobalSection(SolutionConfigurationPlatforms) = preSolution
		Debug|Any CPU = Debug|Any CPU
		Release|Any CPU = Release|Any CPU
	EndGlobalSection
	GlobalSection(ProjectConfigurationPlatforms) = postSolution
		{8EA39161-4642-4284-B6AB-5ED4ACC60F41}.Debug|Any CPU.ActiveCfg = Debug|Any CPU
		{8EA39161-4642-4284-B6AB-5ED4ACC60F41}.Debug|Any CPU.Build.0 = Debug|Any CPU
		{8EA39161-4642-4284-B6AB-5ED4ACC60F41}.Release|Any CPU.ActiveCfg = Release|Any CPU
		{8EA39161-4642-4284-B6AB-5ED4ACC60F41}.Release|Any CPU.Build.0 = Release|Any CPU
	EndGlobalSection
	GlobalSection(SolutionProperties) = preSolution
		HideSolutionNode = FALSE
	EndGlobalSection
	GlobalSection(ExtensibilityGlobals) = postSolution
		SolutionGuid = {6207AEDE-C934-4CF4-B50A-0EEE3D2A01F7}
	EndGlobalSection
EndGlobal
